
Microsoft Visual Studio Solution File, Format Version 12.00
# Visual Studio Version 16
VisualStudioVersion = 16.0.30804.86
MinimumVisualStudioVersion = 10.0.40219.1
Project("{9A19103F-16F7-4668-BE54-9A1E7A4F7556}") = "DataAccess", "DataAccess\DataAccess.csproj", "{3B27F45D-79A8-4DFB-8A9D-2E4873A908EE}"
EndProject
Project("{9A19103F-16F7-4668-BE54-9A1E7A4F7556}") = "Business", "Business\Business.csproj", "{8F4AAC98-5A7D-4010-AC57-BCC9552E2E86}"
EndProject
Project("{9A19103F-16F7-4668-BE54-9A1E7A4F7556}") = "Entities", "Entiities\Entities.csproj", "{E74CB025-9E27-4AA5-89E7-6062CF949BBE}"
EndProject
Project("{9A19103F-16F7-4668-BE54-9A1E7A4F7556}") = "ConsoleUI", "ConsoleUI\ConsoleUI.csproj", "{D078251F-ED77-4B2D-8525-6AE73AD9EB63}"
EndProject
Project("{2150E333-8FDC-42A3-9474-1A3956D46DE8}") = "Solution Items", "Solution Items", "{02E32529-C1DE-4785-A7DC-6A8D7A5A44CC}"
	ProjectSection(SolutionItems) = preProject
		Notes.txt = Notes.txt
	EndProjectSection
EndProject
Project("{FAE04EC0-301F-11D3-BF4B-00C04F79EFBC}") = "Core", "Core\Core.csproj", "{F56A26BE-5F7A-4B33-83A0-9430A0FD441F}"
EndProject
Global
	GlobalSection(SolutionConfigurationPlatforms) = preSolution
		Debug|Any CPU = Debug|Any CPU
		Release|Any CPU = Release|Any CPU
	EndGlobalSection
	GlobalSection(ProjectConfigurationPlatforms) = postSolution
		{3B27F45D-79A8-4DFB-8A9D-2E4873A908EE}.Debug|Any CPU.ActiveCfg = Debug|Any CPU
		{3B27F45D-79A8-4DFB-8A9D-2E4873A908EE}.Debug|Any CPU.Build.0 = Debug|Any CPU
		{3B27F45D-79A8-4DFB-8A9D-2E4873A908EE}.Release|Any CPU.ActiveCfg = Release|Any CPU
		{3B27F45D-79A8-4DFB-8A9D-2E4873A908EE}.Release|Any CPU.Build.0 = Release|Any CPU
		{8F4AAC98-5A7D-4010-AC57-BCC9552E2E86}.Debug|Any CPU.ActiveCfg = Debug|Any CPU
		{8F4AAC98-5A7D-4010-AC57-BCC9552E2E86}.Debug|Any CPU.Build.0 = Debug|Any CPU
		{8F4AAC98-5A7D-4010-AC57-BCC9552E2E86}.Release|Any CPU.ActiveCfg = Release|Any CPU
		{8F4AAC98-5A7D-4010-AC57-BCC9552E2E86}.Release|Any CPU.Build.0 = Release|Any CPU
		{E74CB025-9E27-4AA5-89E7-6062CF949BBE}.Debug|Any CPU.ActiveCfg = Debug|Any CPU
		{E74CB025-9E27-4AA5-89E7-6062CF949BBE}.Debug|Any CPU.Build.0 = Debug|Any CPU
		{E74CB025-9E27-4AA5-89E7-6062CF949BBE}.Release|Any CPU.ActiveCfg = Release|Any CPU
		{E74CB025-9E27-4AA5-89E7-6062CF949BBE}.Release|Any CPU.Build.0 = Release|Any CPU
		{D078251F-ED77-4B2D-8525-6AE73AD9EB63}.Debug|Any CPU.ActiveCfg = Debug|Any CPU
		{D078251F-ED77-4B2D-8525-6AE73AD9EB63}.Debug|Any CPU.Build.0 = Debug|Any CPU
		{D078251F-ED77-4B2D-8525-6AE73AD9EB63}.Release|Any CPU.ActiveCfg = Release|Any CPU
		{D078251F-ED77-4B2D-8525-6AE73AD9EB63}.Release|Any CPU.Build.0 = Release|Any CPU
		{F56A26BE-5F7A-4B33-83A0-9430A0FD441F}.Debug|Any CPU.ActiveCfg = Debug|Any CPU
		{F56A26BE-5F7A-4B33-83A0-9430A0FD441F}.Debug|Any CPU.Build.0 = Debug|Any CPU
		{F56A26BE-5F7A-4B33-83A0-9430A0FD441F}.Release|Any CPU.ActiveCfg = Release|Any CPU
		{F56A26BE-5F7A-4B33-83A0-9430A0FD441F}.Release|Any CPU.Build.0 = Release|Any CPU
	EndGlobalSection
	GlobalSection(SolutionProperties) = preSolution
		HideSolutionNode = FALSE
	EndGlobalSection
	GlobalSection(ExtensibilityGlobals) = postSolution
		SolutionGuid = {DFD2CB0A-F86C-4CB3-82E0-0C8D97952311}
	EndGlobalSection
EndGlobal
